
Microsoft Visual Studio Solution File, Format Version 12.00
# Visual Studio Version 17
VisualStudioVersion = 17.0.31912.275
MinimumVisualStudioVersion = 10.0.40219.1
Project("{9A19103F-16F7-4668-BE54-9A1E7A4F7556}") = "HomeFinder", "HomeFinder.csproj", "{A4578DBB-89CC-41C3-8057-72F207486740}"
EndProject
Project("{9A19103F-16F7-4668-BE54-9A1E7A4F7556}") = "BlazorBroker", "..\BlazorBroker\BlazorBroker.csproj", "{B4F817B9-7F3B-4236-9C2A-7D88153EDCF0}"
EndProject
Project("{9A19103F-16F7-4668-BE54-9A1E7A4F7556}") = "API", "..\API\API.csproj", "{C7A8A7F0-26FC-43B4-9EA2-C0D9CA311EBA}"
EndProject
Project("{9A19103F-16F7-4668-BE54-9A1E7A4F7556}") = "ClassLibrary", "..\ClassLibrary\ClassLibrary.csproj", "{EED6862A-03EE-4A37-B8E7-4D06F6633ED7}"
EndProject
Global
	GlobalSection(SolutionConfigurationPlatforms) = preSolution
		Debug|Any CPU = Debug|Any CPU
		Release|Any CPU = Release|Any CPU
	EndGlobalSection
	GlobalSection(ProjectConfigurationPlatforms) = postSolution
		{A4578DBB-89CC-41C3-8057-72F207486740}.Debug|Any CPU.ActiveCfg = Debug|Any CPU
		{A4578DBB-89CC-41C3-8057-72F207486740}.Debug|Any CPU.Build.0 = Debug|Any CPU
		{A4578DBB-89CC-41C3-8057-72F207486740}.Release|Any CPU.ActiveCfg = Release|Any CPU
		{A4578DBB-89CC-41C3-8057-72F207486740}.Release|Any CPU.Build.0 = Release|Any CPU
		{B4F817B9-7F3B-4236-9C2A-7D88153EDCF0}.Debug|Any CPU.ActiveCfg = Debug|Any CPU
		{B4F817B9-7F3B-4236-9C2A-7D88153EDCF0}.Debug|Any CPU.Build.0 = Debug|Any CPU
		{B4F817B9-7F3B-4236-9C2A-7D88153EDCF0}.Release|Any CPU.ActiveCfg = Release|Any CPU
		{B4F817B9-7F3B-4236-9C2A-7D88153EDCF0}.Release|Any CPU.Build.0 = Release|Any CPU
		{C7A8A7F0-26FC-43B4-9EA2-C0D9CA311EBA}.Debug|Any CPU.ActiveCfg = Debug|Any CPU
		{C7A8A7F0-26FC-43B4-9EA2-C0D9CA311EBA}.Debug|Any CPU.Build.0 = Debug|Any CPU
		{C7A8A7F0-26FC-43B4-9EA2-C0D9CA311EBA}.Release|Any CPU.ActiveCfg = Release|Any CPU
		{C7A8A7F0-26FC-43B4-9EA2-C0D9CA311EBA}.Release|Any CPU.Build.0 = Release|Any CPU
		{EED6862A-03EE-4A37-B8E7-4D06F6633ED7}.Debug|Any CPU.ActiveCfg = Debug|Any CPU
		{EED6862A-03EE-4A37-B8E7-4D06F6633ED7}.Debug|Any CPU.Build.0 = Debug|Any CPU
		{EED6862A-03EE-4A37-B8E7-4D06F6633ED7}.Release|Any CPU.ActiveCfg = Release|Any CPU
		{EED6862A-03EE-4A37-B8E7-4D06F6633ED7}.Release|Any CPU.Build.0 = Release|Any CPU
	EndGlobalSection
	GlobalSection(SolutionProperties) = preSolution
		HideSolutionNode = FALSE
	EndGlobalSection
	GlobalSection(ExtensibilityGlobals) = postSolution
		SolutionGuid = {2E58EA9D-A75D-42B7-8736-8DFC3E0E7E04}
	EndGlobalSection
EndGlobal
